// !$*UTF8*$!
{
	archiveVersion = 1;
	classes = {
	};
	objectVersion = 56;
	objects = {

/* Begin PBXBuildFile section */
		17394A722C04E3EA00EEFD2A /* ShootingStarsApp.swift in Sources */ = {isa = PBXBuildFile; fileRef = 17394A712C04E3EA00EEFD2A /* ShootingStarsApp.swift */; };
		17394A742C04E3EA00EEFD2A /* ContentView.swift in Sources */ = {isa = PBXBuildFile; fileRef = 17394A732C04E3EA00EEFD2A /* ContentView.swift */; };
		17394A762C04E3ED00EEFD2A /* Assets.xcassets in Resources */ = {isa = PBXBuildFile; fileRef = 17394A752C04E3ED00EEFD2A /* Assets.xcassets */; };
		17394A792C04E3ED00EEFD2A /* Preview Assets.xcassets in Resources */ = {isa = PBXBuildFile; fileRef = 17394A782C04E3ED00EEFD2A /* Preview Assets.xcassets */; };
		17394A832C04E3ED00EEFD2A /* ShootingStarsTests.swift in Sources */ = {isa = PBXBuildFile; fileRef = 17394A822C04E3ED00EEFD2A /* ShootingStarsTests.swift */; };
		17394A8D2C04E3ED00EEFD2A /* ShootingStarsUITests.swift in Sources */ = {isa = PBXBuildFile; fileRef = 17394A8C2C04E3ED00EEFD2A /* ShootingStarsUITests.swift */; };
		17394A8F2C04E3ED00EEFD2A /* ShootingStarsUITestsLaunchTests.swift in Sources */ = {isa = PBXBuildFile; fileRef = 17394A8E2C04E3ED00EEFD2A /* ShootingStarsUITestsLaunchTests.swift */; };
/* End PBXBuildFile section */

/* Begin PBXContainerItemProxy section */
		17394A7F2C04E3ED00EEFD2A /* PBXContainerItemProxy */ = {
			isa = PBXContainerItemProxy;
			containerPortal = 17394A662C04E3EA00EEFD2A /* Project object */;
			proxyType = 1;
			remoteGlobalIDString = 17394A6D2C04E3EA00EEFD2A;
			remoteInfo = ShootingStars;
		};
		17394A892C04E3ED00EEFD2A /* PBXContainerItemProxy */ = {
			isa = PBXContainerItemProxy;
			containerPortal = 17394A662C04E3EA00EEFD2A /* Project object */;
			proxyType = 1;
			remoteGlobalIDString = 17394A6D2C04E3EA00EEFD2A;
			remoteInfo = ShootingStars;
		};
/* End PBXContainerItemProxy section */

/* Begin PBXFileReference section */
		17394A6E2C04E3EA00EEFD2A /* ShootingStars.app */ = {isa = PBXFileReference; explicitFileType = wrapper.application; includeInIndex = 0; path = ShootingStars.app; sourceTree = BUILT_PRODUCTS_DIR; };
		17394A712C04E3EA00EEFD2A /* ShootingStarsApp.swift */ = {isa = PBXFileReference; lastKnownFileType = sourcecode.swift; path = ShootingStarsApp.swift; sourceTree = "<group>"; };
		17394A732C04E3EA00EEFD2A /* ContentView.swift */ = {isa = PBXFileReference; lastKnownFileType = sourcecode.swift; path = ContentView.swift; sourceTree = "<group>"; };
		17394A752C04E3ED00EEFD2A /* Assets.xcassets */ = {isa = PBXFileReference; lastKnownFileType = folder.assetcatalog; path = Assets.xcassets; sourceTree = "<group>"; };
		17394A782C04E3ED00EEFD2A /* Preview Assets.xcassets */ = {isa = PBXFileReference; lastKnownFileType = folder.assetcatalog; path = "Preview Assets.xcassets"; sourceTree = "<group>"; };
		17394A7E2C04E3ED00EEFD2A /* ShootingStarsTests.xctest */ = {isa = PBXFileReference; explicitFileType = wrapper.cfbundle; includeInIndex = 0; path = ShootingStarsTests.xctest; sourceTree = BUILT_PRODUCTS_DIR; };
		17394A822C04E3ED00EEFD2A /* ShootingStarsTests.swift */ = {isa = PBXFileReference; lastKnownFileType = sourcecode.swift; path = ShootingStarsTests.swift; sourceTree = "<group>"; };
		17394A882C04E3ED00EEFD2A /* ShootingStarsUITests.xctest */ = {isa = PBXFileReference; explicitFileType = wrapper.cfbundle; includeInIndex = 0; path = ShootingStarsUITests.xctest; sourceTree = BUILT_PRODUCTS_DIR; };
		17394A8C2C04E3ED00EEFD2A /* ShootingStarsUITests.swift */ = {isa = PBXFileReference; lastKnownFileType = sourcecode.swift; path = ShootingStarsUITests.swift; sourceTree = "<group>"; };
		17394A8E2C04E3ED00EEFD2A /* ShootingStarsUITestsLaunchTests.swift */ = {isa = PBXFileReference; lastKnownFileType = sourcecode.swift; path = ShootingStarsUITestsLaunchTests.swift; sourceTree = "<group>"; };
/* End PBXFileReference section */

/* Begin PBXFrameworksBuildPhase section */
		17394A6B2C04E3EA00EEFD2A /* Frameworks */ = {
			isa = PBXFrameworksBuildPhase;
			buildActionMask = 2147483647;
			files = (
			);
			runOnlyForDeploymentPostprocessing = 0;
		};
		17394A7B2C04E3ED00EEFD2A /* Frameworks */ = {
			isa = PBXFrameworksBuildPhase;
			buildActionMask = 2147483647;
			files = (
			);
			runOnlyForDeploymentPostprocessing = 0;
		};
		17394A852C04E3ED00EEFD2A /* Frameworks */ = {
			isa = PBXFrameworksBuildPhase;
			buildActionMask = 2147483647;
			files = (
			);
			runOnlyForDeploymentPostprocessing = 0;
		};
/* End PBXFrameworksBuildPhase section */

/* Begin PBXGroup section */
		17394A652C04E3EA00EEFD2A = {
			isa = PBXGroup;
			children = (
				17394A702C04E3EA00EEFD2A /* ShootingStars */,
				17394A812C04E3ED00EEFD2A /* ShootingStarsTests */,
				17394A8B2C04E3ED00EEFD2A /* ShootingStarsUITests */,
				17394A6F2C04E3EA00EEFD2A /* Products */,
			);
			sourceTree = "<group>";
		};
		17394A6F2C04E3EA00EEFD2A /* Products */ = {
			isa = PBXGroup;
			children = (
				17394A6E2C04E3EA00EEFD2A /* ShootingStars.app */,
				17394A7E2C04E3ED00EEFD2A /* ShootingStarsTests.xctest */,
				17394A882C04E3ED00EEFD2A /* ShootingStarsUITests.xctest */,
			);
			name = Products;
			sourceTree = "<group>";
		};
		17394A702C04E3EA00EEFD2A /* ShootingStars */ = {
			isa = PBXGroup;
			children = (
				17394A712C04E3EA00EEFD2A /* ShootingStarsApp.swift */,
				17394A732C04E3EA00EEFD2A /* ContentView.swift */,
				17394A752C04E3ED00EEFD2A /* Assets.xcassets */,
				17394A772C04E3ED00EEFD2A /* Preview Content */,
			);
			path = ShootingStars;
			sourceTree = "<group>";
		};
		17394A772C04E3ED00EEFD2A /* Preview Content */ = {
			isa = PBXGroup;
			children = (
				17394A782C04E3ED00EEFD2A /* Preview Assets.xcassets */,
			);
			path = "Preview Content";
			sourceTree = "<group>";
		};
		17394A812C04E3ED00EEFD2A /* ShootingStarsTests */ = {
			isa = PBXGroup;
			children = (
				17394A822C04E3ED00EEFD2A /* ShootingStarsTests.swift */,
			);
			path = ShootingStarsTests;
			sourceTree = "<group>";
		};
		17394A8B2C04E3ED00EEFD2A /* ShootingStarsUITests */ = {
			isa = PBXGroup;
			children = (
				17394A8C2C04E3ED00EEFD2A /* ShootingStarsUITests.swift */,
				17394A8E2C04E3ED00EEFD2A /* ShootingStarsUITestsLaunchTests.swift */,
			);
			path = ShootingStarsUITests;
			sourceTree = "<group>";
		};
/* End PBXGroup section */

/* Begin PBXNativeTarget section */
		17394A6D2C04E3EA00EEFD2A /* ShootingStars */ = {
			isa = PBXNativeTarget;
			buildConfigurationList = 17394A922C04E3ED00EEFD2A /* Build configuration list for PBXNativeTarget "ShootingStars" */;
			buildPhases = (
				17394A6A2C04E3EA00EEFD2A /* Sources */,
				17394A6B2C04E3EA00EEFD2A /* Frameworks */,
				17394A6C2C04E3EA00EEFD2A /* Resources */,
			);
			buildRules = (
			);
			dependencies = (
			);
			name = ShootingStars;
			productName = ShootingStars;
			productReference = 17394A6E2C04E3EA00EEFD2A /* ShootingStars.app */;
			productType = "com.apple.product-type.application";
		};
		17394A7D2C04E3ED00EEFD2A /* ShootingStarsTests */ = {
			isa = PBXNativeTarget;
			buildConfigurationList = 17394A952C04E3ED00EEFD2A /* Build configuration list for PBXNativeTarget "ShootingStarsTests" */;
			buildPhases = (
				17394A7A2C04E3ED00EEFD2A /* Sources */,
				17394A7B2C04E3ED00EEFD2A /* Frameworks */,
				17394A7C2C04E3ED00EEFD2A /* Resources */,
			);
			buildRules = (
			);
			dependencies = (
				17394A802C04E3ED00EEFD2A /* PBXTargetDependency */,
			);
			name = ShootingStarsTests;
			productName = ShootingStarsTests;
			productReference = 17394A7E2C04E3ED00EEFD2A /* ShootingStarsTests.xctest */;
			productType = "com.apple.product-type.bundle.unit-test";
		};
		17394A872C04E3ED00EEFD2A /* ShootingStarsUITests */ = {
			isa = PBXNativeTarget;
			buildConfigurationList = 17394A982C04E3ED00EEFD2A /* Build configuration list for PBXNativeTarget "ShootingStarsUITests" */;
			buildPhases = (
				17394A842C04E3ED00EEFD2A /* Sources */,
				17394A852C04E3ED00EEFD2A /* Frameworks */,
				17394A862C04E3ED00EEFD2A /* Resources */,
			);
			buildRules = (
			);
			dependencies = (
				17394A8A2C04E3ED00EEFD2A /* PBXTargetDependency */,
			);
			name = ShootingStarsUITests;
			productName = ShootingStarsUITests;
			productReference = 17394A882C04E3ED00EEFD2A /* ShootingStarsUITests.xctest */;
			productType = "com.apple.product-type.bundle.ui-testing";
		};
/* End PBXNativeTarget section */

/* Begin PBXProject section */
		17394A662C04E3EA00EEFD2A /* Project object */ = {
			isa = PBXProject;
			attributes = {
				BuildIndependentTargetsInParallel = 1;
				LastSwiftUpdateCheck = 1530;
				LastUpgradeCheck = 1530;
				TargetAttributes = {
					17394A6D2C04E3EA00EEFD2A = {
						CreatedOnToolsVersion = 15.3;
					};
					17394A7D2C04E3ED00EEFD2A = {
						CreatedOnToolsVersion = 15.3;
						TestTargetID = 17394A6D2C04E3EA00EEFD2A;
					};
					17394A872C04E3ED00EEFD2A = {
						CreatedOnToolsVersion = 15.3;
						TestTargetID = 17394A6D2C04E3EA00EEFD2A;
					};
				};
			};
			buildConfigurationList = 17394A692C04E3EA00EEFD2A /* Build configuration list for PBXProject "ShootingStars" */;
			compatibilityVersion = "Xcode 14.0";
			developmentRegion = en;
			hasScannedForEncodings = 0;
			knownRegions = (
				en,
				Base,
			);
			mainGroup = 17394A652C04E3EA00EEFD2A;
			productRefGroup = 17394A6F2C04E3EA00EEFD2A /* Products */;
			projectDirPath = "";
			projectRoot = "";
			targets = (
				17394A6D2C04E3EA00EEFD2A /* ShootingStars */,
				17394A7D2C04E3ED00EEFD2A /* ShootingStarsTests */,
				17394A872C04E3ED00EEFD2A /* ShootingStarsUITests */,
			);
		};
/* End PBXProject section */

/* Begin PBXResourcesBuildPhase section */
		17394A6C2C04E3EA00EEFD2A /* Resources */ = {
			isa = PBXResourcesBuildPhase;
			buildActionMask = 2147483647;
			files = (
				17394A792C04E3ED00EEFD2A /* Preview Assets.xcassets in Resources */,
				17394A762C04E3ED00EEFD2A /* Assets.xcassets in Resources */,
			);
			runOnlyForDeploymentPostprocessing = 0;
		};
		17394A7C2C04E3ED00EEFD2A /* Resources */ = {
			isa = PBXResourcesBuildPhase;
			buildActionMask = 2147483647;
			files = (
			);
			runOnlyForDeploymentPostprocessing = 0;
		};
		17394A862C04E3ED00EEFD2A /* Resources */ = {
			isa = PBXResourcesBuildPhase;
			buildActionMask = 2147483647;
			files = (
			);
			runOnlyForDeploymentPostprocessing = 0;
		};
/* End PBXResourcesBuildPhase section */

/* Begin PBXSourcesBuildPhase section */
		17394A6A2C04E3EA00EEFD2A /* Sources */ = {
			isa = PBXSourcesBuildPhase;
			buildActionMask = 2147483647;
			files = (
				17394A742C04E3EA00EEFD2A /* ContentView.swift in Sources */,
				17394A722C04E3EA00EEFD2A /* ShootingStarsApp.swift in Sources */,
			);
			runOnlyForDeploymentPostprocessing = 0;
		};
		17394A7A2C04E3ED00EEFD2A /* Sources */ = {
			isa = PBXSourcesBuildPhase;
			buildActionMask = 2147483647;
			files = (
				17394A832C04E3ED00EEFD2A /* ShootingStarsTests.swift in Sources */,
			);
			runOnlyForDeploymentPostprocessing = 0;
		};
		17394A842C04E3ED00EEFD2A /* Sources */ = {
			isa = PBXSourcesBuildPhase;
			buildActionMask = 2147483647;
			files = (
				17394A8D2C04E3ED00EEFD2A /* ShootingStarsUITests.swift in Sources */,
				17394A8F2C04E3ED00EEFD2A /* ShootingStarsUITestsLaunchTests.swift in Sources */,
			);
			runOnlyForDeploymentPostprocessing = 0;
		};
/* End PBXSourcesBuildPhase section */

/* Begin PBXTargetDependency section */
		17394A802C04E3ED00EEFD2A /* PBXTargetDependency */ = {
			isa = PBXTargetDependency;
			target = 17394A6D2C04E3EA00EEFD2A /* ShootingStars */;
			targetProxy = 17394A7F2C04E3ED00EEFD2A /* PBXContainerItemProxy */;
		};
		17394A8A2C04E3ED00EEFD2A /* PBXTargetDependency */ = {
			isa = PBXTargetDependency;
			target = 17394A6D2C04E3EA00EEFD2A /* ShootingStars */;
			targetProxy = 17394A892C04E3ED00EEFD2A /* PBXContainerItemProxy */;
		};
/* End PBXTargetDependency section */

/* Begin XCBuildConfiguration section */
		17394A902C04E3ED00EEFD2A /* Debug */ = {
			isa = XCBuildConfiguration;
			buildSettings = {
				ALWAYS_SEARCH_USER_PATHS = NO;
				ASSETCATALOG_COMPILER_GENERATE_SWIFT_ASSET_SYMBOL_EXTENSIONS = YES;
				CLANG_ANALYZER_NONNULL = YES;
				CLANG_ANALYZER_NUMBER_OBJECT_CONVERSION = YES_AGGRESSIVE;
				CLANG_CXX_LANGUAGE_STANDARD = "gnu++20";
				CLANG_ENABLE_MODULES = YES;
				CLANG_ENABLE_OBJC_ARC = YES;
				CLANG_ENABLE_OBJC_WEAK = YES;
				CLANG_WARN_BLOCK_CAPTURE_AUTORELEASING = YES;
				CLANG_WARN_BOOL_CONVERSION = YES;
				CLANG_WARN_COMMA = YES;
				CLANG_WARN_CONSTANT_CONVERSION = YES;
				CLANG_WARN_DEPRECATED_OBJC_IMPLEMENTATIONS = YES;
				CLANG_WARN_DIRECT_OBJC_ISA_USAGE = YES_ERROR;
				CLANG_WARN_DOCUMENTATION_COMMENTS = YES;
				CLANG_WARN_EMPTY_BODY = YES;
				CLANG_WARN_ENUM_CONVERSION = YES;
				CLANG_WARN_INFINITE_RECURSION = YES;
				CLANG_WARN_INT_CONVERSION = YES;
				CLANG_WARN_NON_LITERAL_NULL_CONVERSION = YES;
				CLANG_WARN_OBJC_IMPLICIT_RETAIN_SELF = YES;
				CLANG_WARN_OBJC_LITERAL_CONVERSION = YES;
				CLANG_WARN_OBJC_ROOT_CLASS = YES_ERROR;
				CLANG_WARN_QUOTED_INCLUDE_IN_FRAMEWORK_HEADER = YES;
				CLANG_WARN_RANGE_LOOP_ANALYSIS = YES;
				CLANG_WARN_STRICT_PROTOTYPES = YES;
				CLANG_WARN_SUSPICIOUS_MOVE = YES;
				CLANG_WARN_UNGUARDED_AVAILABILITY = YES_AGGRESSIVE;
				CLANG_WARN_UNREACHABLE_CODE = YES;
				CLANG_WARN__DUPLICATE_METHOD_MATCH = YES;
				COPY_PHASE_STRIP = NO;
				DEBUG_INFORMATION_FORMAT = dwarf;
				ENABLE_STRICT_OBJC_MSGSEND = YES;
				ENABLE_TESTABILITY = YES;
				ENABLE_USER_SCRIPT_SANDBOXING = YES;
				GCC_C_LANGUAGE_STANDARD = gnu17;
				GCC_DYNAMIC_NO_PIC = NO;
				GCC_NO_COMMON_BLOCKS = YES;
				GCC_OPTIMIZATION_LEVEL = 0;
				GCC_PREPROCESSOR_DEFINITIONS = (
					"DEBUG=1",
					"$(inherited)",
				);
				GCC_WARN_64_TO_32_BIT_CONVERSION = YES;
				GCC_WARN_ABOUT_RETURN_TYPE = YES_ERROR;
				GCC_WARN_UNDECLARED_SELECTOR = YES;
				GCC_WARN_UNINITIALIZED_AUTOS = YES_AGGRESSIVE;
				GCC_WARN_UNUSED_FUNCTION = YES;
				GCC_WARN_UNUSED_VARIABLE = YES;
				IPHONEOS_DEPLOYMENT_TARGET = 17.4;
				LOCALIZATION_PREFERS_STRING_CATALOGS = YES;
				MTL_ENABLE_DEBUG_INFO = INCLUDE_SOURCE;
				MTL_FAST_MATH = YES;
				ONLY_ACTIVE_ARCH = YES;
				SDKROOT = iphoneos;
				SWIFT_ACTIVE_COMPILATION_CONDITIONS = "DEBUG $(inherited)";
				SWIFT_OPTIMIZATION_LEVEL = "-Onone";
			};
			name = Debug;
		};
		17394A912C04E3ED00EEFD2A /* Release */ = {
			isa = XCBuildConfiguration;
			buildSettings = {
				ALWAYS_SEARCH_USER_PATHS = NO;
				ASSETCATALOG_COMPILER_GENERATE_SWIFT_ASSET_SYMBOL_EXTENSIONS = YES;
				CLANG_ANALYZER_NONNULL = YES;
				CLANG_ANALYZER_NUMBER_OBJECT_CONVERSION = YES_AGGRESSIVE;
				CLANG_CXX_LANGUAGE_STANDARD = "gnu++20";
				CLANG_ENABLE_MODULES = YES;
				CLANG_ENABLE_OBJC_ARC = YES;
				CLANG_ENABLE_OBJC_WEAK = YES;
				CLANG_WARN_BLOCK_CAPTURE_AUTORELEASING = YES;
				CLANG_WARN_BOOL_CONVERSION = YES;
				CLANG_WARN_COMMA = YES;
				CLANG_WARN_CONSTANT_CONVERSION = YES;
				CLANG_WARN_DEPRECATED_OBJC_IMPLEMENTATIONS = YES;
				CLANG_WARN_DIRECT_OBJC_ISA_USAGE = YES_ERROR;
				CLANG_WARN_DOCUMENTATION_COMMENTS = YES;
				CLANG_WARN_EMPTY_BODY = YES;
				CLANG_WARN_ENUM_CONVERSION = YES;
				CLANG_WARN_INFINITE_RECURSION = YES;
				CLANG_WARN_INT_CONVERSION = YES;
				CLANG_WARN_NON_LITERAL_NULL_CONVERSION = YES;
				CLANG_WARN_OBJC_IMPLICIT_RETAIN_SELF = YES;
				CLANG_WARN_OBJC_LITERAL_CONVERSION = YES;
				CLANG_WARN_OBJC_ROOT_CLASS = YES_ERROR;
				CLANG_WARN_QUOTED_INCLUDE_IN_FRAMEWORK_HEADER = YES;
				CLANG_WARN_RANGE_LOOP_ANALYSIS = YES;
				CLANG_WARN_STRICT_PROTOTYPES = YES;
				CLANG_WARN_SUSPICIOUS_MOVE = YES;
				CLANG_WARN_UNGUARDED_AVAILABILITY = YES_AGGRESSIVE;
				CLANG_WARN_UNREACHABLE_CODE = YES;
				CLANG_WARN__DUPLICATE_METHOD_MATCH = YES;
				COPY_PHASE_STRIP = NO;
				DEBUG_INFORMATION_FORMAT = "dwarf-with-dsym";
				ENABLE_NS_ASSERTIONS = NO;
				ENABLE_STRICT_OBJC_MSGSEND = YES;
				ENABLE_USER_SCRIPT_SANDBOXING = YES;
				GCC_C_LANGUAGE_STANDARD = gnu17;
				GCC_NO_COMMON_BLOCKS = YES;
				GCC_WARN_64_TO_32_BIT_CONVERSION = YES;
				GCC_WARN_ABOUT_RETURN_TYPE = YES_ERROR;
				GCC_WARN_UNDECLARED_SELECTOR = YES;
				GCC_WARN_UNINITIALIZED_AUTOS = YES_AGGRESSIVE;
				GCC_WARN_UNUSED_FUNCTION = YES;
				GCC_WARN_UNUSED_VARIABLE = YES;
				IPHONEOS_DEPLOYMENT_TARGET = 17.4;
				LOCALIZATION_PREFERS_STRING_CATALOGS = YES;
				MTL_ENABLE_DEBUG_INFO = NO;
				MTL_FAST_MATH = YES;
				SDKROOT = iphoneos;
				SWIFT_COMPILATION_MODE = wholemodule;
				VALIDATE_PRODUCT = YES;
			};
			name = Release;
		};
		17394A932C04E3ED00EEFD2A /* Debug */ = {
			isa = XCBuildConfiguration;
			buildSettings = {
				ASSETCATALOG_COMPILER_APPICON_NAME = AppIcon;
				ASSETCATALOG_COMPILER_GLOBAL_ACCENT_COLOR_NAME = AccentColor;
				CODE_SIGN_STYLE = Automatic;
				CURRENT_PROJECT_VERSION = 1;
				DEVELOPMENT_ASSET_PATHS = "\"ShootingStars/Preview Content\"";
				DEVELOPMENT_TEAM = FBYQCX339P;
				ENABLE_PREVIEWS = YES;
				GENERATE_INFOPLIST_FILE = YES;
				INFOPLIST_KEY_UIApplicationSceneManifest_Generation = YES;
				INFOPLIST_KEY_UIApplicationSupportsIndirectInputEvents = YES;
				INFOPLIST_KEY_UILaunchScreen_Generation = YES;
				INFOPLIST_KEY_UISupportedInterfaceOrientations_iPad = "UIInterfaceOrientationPortrait UIInterfaceOrientationPortraitUpsideDown UIInterfaceOrientationLandscapeLeft UIInterfaceOrientationLandscapeRight";
				INFOPLIST_KEY_UISupportedInterfaceOrientations_iPhone = "UIInterfaceOrientationPortrait UIInterfaceOrientationLandscapeLeft UIInterfaceOrientationLandscapeRight";
				LD_RUNPATH_SEARCH_PATHS = (
					"$(inherited)",
					"@executable_path/Frameworks",
				);
				MARKETING_VERSION = 1.0;
				PRODUCT_BUNDLE_IDENTIFIER = com.carlonamoca.ShootingStars;
				PRODUCT_NAME = "$(TARGET_NAME)";
				SWIFT_EMIT_LOC_STRINGS = YES;
				SWIFT_VERSION = 5.0;
				TARGETED_DEVICE_FAMILY = "1,2";
			};
			name = Debug;
		};
		17394A942C04E3ED00EEFD2A /* Release */ = {
			isa = XCBuildConfiguration;
			buildSettings = {
				ASSETCATALOG_COMPILER_APPICON_NAME = AppIcon;
				ASSETCATALOG_COMPILER_GLOBAL_ACCENT_COLOR_NAME = AccentColor;
				CODE_SIGN_STYLE = Automatic;
				CURRENT_PROJECT_VERSION = 1;
				DEVELOPMENT_ASSET_PATHS = "\"ShootingStars/Preview Content\"";
				DEVELOPMENT_TEAM = FBYQCX339P;
				ENABLE_PREVIEWS = YES;
				GENERATE_INFOPLIST_FILE = YES;
				INFOPLIST_KEY_UIApplicationSceneManifest_Generation = YES;
				INFOPLIST_KEY_UIApplicationSupportsIndirectInputEvents = YES;
				INFOPLIST_KEY_UILaunchScreen_Generation = YES;
				INFOPLIST_KEY_UISupportedInterfaceOrientations_iPad = "UIInterfaceOrientationPortrait UIInterfaceOrientationPortraitUpsideDown UIInterfaceOrientationLandscapeLeft UIInterfaceOrientationLandscapeRight";
				INFOPLIST_KEY_UISupportedInterfaceOrientations_iPhone = "UIInterfaceOrientationPortrait UIInterfaceOrientationLandscapeLeft UIInterfaceOrientationLandscapeRight";
				LD_RUNPATH_SEARCH_PATHS = (
					"$(inherited)",
					"@executable_path/Frameworks",
				);
				MARKETING_VERSION = 1.0;
				PRODUCT_BUNDLE_IDENTIFIER = com.carlonamoca.ShootingStars;
				PRODUCT_NAME = "$(TARGET_NAME)";
				SWIFT_EMIT_LOC_STRINGS = YES;
				SWIFT_VERSION = 5.0;
				TARGETED_DEVICE_FAMILY = "1,2";
			};
			name = Release;
		};
		17394A962C04E3ED00EEFD2A /* Debug */ = {
			isa = XCBuildConfiguration;
			buildSettings = {
				ALWAYS_EMBED_SWIFT_STANDARD_LIBRARIES = YES;
				BUNDLE_LOADER = "$(TEST_HOST)";
				CODE_SIGN_STYLE = Automatic;
				CURRENT_PROJECT_VERSION = 1;
				DEVELOPMENT_TEAM = 5YLVSCFRPU;
				GENERATE_INFOPLIST_FILE = YES;
				IPHONEOS_DEPLOYMENT_TARGET = 17.4;
				MARKETING_VERSION = 1.0;
				PRODUCT_BUNDLE_IDENTIFIER = com.cnnamoca.ShootingStarsTests;
				PRODUCT_NAME = "$(TARGET_NAME)";
				SWIFT_EMIT_LOC_STRINGS = NO;
				SWIFT_VERSION = 5.0;
				TARGETED_DEVICE_FAMILY = "1,2";
				TEST_HOST = "$(BUILT_PRODUCTS_DIR)/ShootingStars.app/$(BUNDLE_EXECUTABLE_FOLDER_PATH)/ShootingStars";
			};
			name = Debug;
		};
		17394A972C04E3ED00EEFD2A /* Release */ = {
			isa = XCBuildConfiguration;
			buildSettings = {
				ALWAYS_EMBED_SWIFT_STANDARD_LIBRARIES = YES;
				BUNDLE_LOADER = "$(TEST_HOST)";
				CODE_SIGN_STYLE = Automatic;
				CURRENT_PROJECT_VERSION = 1;
				DEVELOPMENT_TEAM = 5YLVSCFRPU;
				GENERATE_INFOPLIST_FILE = YES;
				IPHONEOS_DEPLOYMENT_TARGET = 17.4;
				MARKETING_VERSION = 1.0;
				PRODUCT_BUNDLE_IDENTIFIER = com.cnnamoca.ShootingStarsTests;
				PRODUCT_NAME = "$(TARGET_NAME)";
				SWIFT_EMIT_LOC_STRINGS = NO;
				SWIFT_VERSION = 5.0;
				TARGETED_DEVICE_FAMILY = "1,2";
				TEST_HOST = "$(BUILT_PRODUCTS_DIR)/ShootingStars.app/$(BUNDLE_EXECUTABLE_FOLDER_PATH)/ShootingStars";
			};
			name = Release;
		};
		17394A992C04E3ED00EEFD2A /* Debug */ = {
			isa = XCBuildConfiguration;
			buildSettings = {
				ALWAYS_EMBED_SWIFT_STANDARD_LIBRARIES = YES;
				CODE_SIGN_STYLE = Automatic;
				CURRENT_PROJECT_VERSION = 1;
				DEVELOPMENT_TEAM = 5YLVSCFRPU;
				GENERATE_INFOPLIST_FILE = YES;
				MARKETING_VERSION = 1.0;
				PRODUCT_BUNDLE_IDENTIFIER = com.cnnamoca.ShootingStarsUITests;
				PRODUCT_NAME = "$(TARGET_NAME)";
				SWIFT_EMIT_LOC_STRINGS = NO;
				SWIFT_VERSION = 5.0;
				TARGETED_DEVICE_FAMILY = "1,2";
				TEST_TARGET_NAME = ShootingStars;
			};
			name = Debug;
		};
		17394A9A2C04E3ED00EEFD2A /* Release */ = {
			isa = XCBuildConfiguration;
			buildSettings = {
				ALWAYS_EMBED_SWIFT_STANDARD_LIBRARIES = YES;
				CODE_SIGN_STYLE = Automatic;
				CURRENT_PROJECT_VERSION = 1;
				DEVELOPMENT_TEAM = 5YLVSCFRPU;
				GENERATE_INFOPLIST_FILE = YES;
				MARKETING_VERSION = 1.0;
				PRODUCT_BUNDLE_IDENTIFIER = com.cnnamoca.ShootingStarsUITests;
				PRODUCT_NAME = "$(TARGET_NAME)";
				SWIFT_EMIT_LOC_STRINGS = NO;
				SWIFT_VERSION = 5.0;
				TARGETED_DEVICE_FAMILY = "1,2";
				TEST_TARGET_NAME = ShootingStars;
			};
			name = Release;
		};
/* End XCBuildConfiguration section */

/* Begin XCConfigurationList section */
		17394A692C04E3EA00EEFD2A /* Build configuration list for PBXProject "ShootingStars" */ = {
			isa = XCConfigurationList;
			buildConfigurations = (
				17394A902C04E3ED00EEFD2A /* Debug */,
				17394A912C04E3ED00EEFD2A /* Release */,
			);
			defaultConfigurationIsVisible = 0;
			defaultConfigurationName = Release;
		};
		17394A922C04E3ED00EEFD2A /* Build configuration list for PBXNativeTarget "ShootingStars" */ = {
			isa = XCConfigurationList;
			buildConfigurations = (
				17394A932C04E3ED00EEFD2A /* Debug */,
				17394A942C04E3ED00EEFD2A /* Release */,
			);
			defaultConfigurationIsVisible = 0;
			defaultConfigurationName = Release;
		};
		17394A952C04E3ED00EEFD2A /* Build configuration list for PBXNativeTarget "ShootingStarsTests" */ = {
			isa = XCConfigurationList;
			buildConfigurations = (
				17394A962C04E3ED00EEFD2A /* Debug */,
				17394A972C04E3ED00EEFD2A /* Release */,
			);
			defaultConfigurationIsVisible = 0;
			defaultConfigurationName = Release;
		};
		17394A982C04E3ED00EEFD2A /* Build configuration list for PBXNativeTarget "ShootingStarsUITests" */ = {
			isa = XCConfigurationList;
			buildConfigurations = (
				17394A992C04E3ED00EEFD2A /* Debug */,
				17394A9A2C04E3ED00EEFD2A /* Release */,
			);
			defaultConfigurationIsVisible = 0;
			defaultConfigurationName = Release;
		};
/* End XCConfigurationList section */
	};
	rootObject = 17394A662C04E3EA00EEFD2A /* Project object */;
}
